
Microsoft Visual Studio Solution File, Format Version 12.00
# Visual Studio Version 17
VisualStudioVersion = 17.3.32804.467
MinimumVisualStudioVersion = 10.0.40219.1
Project("{9A19103F-16F7-4668-BE54-9A1E7A4F7556}") = "SPApi", "SPApi\SPApi.csproj", "{4E89DEF8-369B-4271-BC03-EFAD42CEDE3F}"
EndProject
Project("{2150E333-8FDC-42A3-9474-1A3956D46DE8}") = "Core", "Core", "{CBFC5CA7-AD8E-407D-B851-25E144BC73A3}"
EndProject
Project("{2150E333-8FDC-42A3-9474-1A3956D46DE8}") = "Samples", "Samples", "{D4BAD710-61C4-4295-A7E7-48D72CABB274}"
EndProject
Project("{9A19103F-16F7-4668-BE54-9A1E7A4F7556}") = "SPApi.UnitTests", "SPApi.UnitTests\SPApi.UnitTests.csproj", "{043734AC-B334-42E3-90E2-8FD44DC33E56}"
EndProject
Project("{9A19103F-16F7-4668-BE54-9A1E7A4F7556}") = "Samples.WebApiSqlServerNet6", "Samples\Samples.WebApiSqlServerNet6\Samples.WebApiSqlServerNet6.csproj", "{EE869A4E-AC69-4910-B482-3EEF12F66166}"
EndProject
Global
	GlobalSection(SolutionConfigurationPlatforms) = preSolution
		Debug|Any CPU = Debug|Any CPU
		Release|Any CPU = Release|Any CPU
	EndGlobalSection
	GlobalSection(ProjectConfigurationPlatforms) = postSolution
		{4E89DEF8-369B-4271-BC03-EFAD42CEDE3F}.Debug|Any CPU.ActiveCfg = Debug|Any CPU
		{4E89DEF8-369B-4271-BC03-EFAD42CEDE3F}.Debug|Any CPU.Build.0 = Debug|Any CPU
		{4E89DEF8-369B-4271-BC03-EFAD42CEDE3F}.Release|Any CPU.ActiveCfg = Release|Any CPU
		{4E89DEF8-369B-4271-BC03-EFAD42CEDE3F}.Release|Any CPU.Build.0 = Release|Any CPU
		{043734AC-B334-42E3-90E2-8FD44DC33E56}.Debug|Any CPU.ActiveCfg = Debug|Any CPU
		{043734AC-B334-42E3-90E2-8FD44DC33E56}.Debug|Any CPU.Build.0 = Debug|Any CPU
		{043734AC-B334-42E3-90E2-8FD44DC33E56}.Release|Any CPU.ActiveCfg = Release|Any CPU
		{043734AC-B334-42E3-90E2-8FD44DC33E56}.Release|Any CPU.Build.0 = Release|Any CPU
		{EE869A4E-AC69-4910-B482-3EEF12F66166}.Debug|Any CPU.ActiveCfg = Debug|Any CPU
		{EE869A4E-AC69-4910-B482-3EEF12F66166}.Debug|Any CPU.Build.0 = Debug|Any CPU
		{EE869A4E-AC69-4910-B482-3EEF12F66166}.Release|Any CPU.ActiveCfg = Release|Any CPU
		{EE869A4E-AC69-4910-B482-3EEF12F66166}.Release|Any CPU.Build.0 = Release|Any CPU
	EndGlobalSection
	GlobalSection(SolutionProperties) = preSolution
		HideSolutionNode = FALSE
	EndGlobalSection
	GlobalSection(NestedProjects) = preSolution
		{4E89DEF8-369B-4271-BC03-EFAD42CEDE3F} = {CBFC5CA7-AD8E-407D-B851-25E144BC73A3}
		{043734AC-B334-42E3-90E2-8FD44DC33E56} = {CBFC5CA7-AD8E-407D-B851-25E144BC73A3}
		{EE869A4E-AC69-4910-B482-3EEF12F66166} = {D4BAD710-61C4-4295-A7E7-48D72CABB274}
	EndGlobalSection
	GlobalSection(ExtensibilityGlobals) = postSolution
		SolutionGuid = {88259BB4-254C-41B4-B510-953564617112}
	EndGlobalSection
EndGlobal
